
Microsoft Visual Studio Solution File, Format Version 12.00
# Visual Studio Version 16
VisualStudioVersion = 16.0.34114.132
MinimumVisualStudioVersion = 10.0.40219.1
Project("{FAE04EC0-301F-11D3-BF4B-00C04F79EFBC}") = "gitTest", "gitTest\gitTest.csproj", "{92D7F861-C4CB-49BA-828F-B0381A787A6D}"
EndProject
Global
	GlobalSection(SolutionConfigurationPlatforms) = preSolution
		Debug|Any CPU = Debug|Any CPU
		Release|Any CPU = Release|Any CPU
	EndGlobalSection
	GlobalSection(ProjectConfigurationPlatforms) = postSolution
		{92D7F861-C4CB-49BA-828F-B0381A787A6D}.Debug|Any CPU.ActiveCfg = Debug|Any CPU
		{92D7F861-C4CB-49BA-828F-B0381A787A6D}.Debug|Any CPU.Build.0 = Debug|Any CPU
		{92D7F861-C4CB-49BA-828F-B0381A787A6D}.Release|Any CPU.ActiveCfg = Release|Any CPU
		{92D7F861-C4CB-49BA-828F-B0381A787A6D}.Release|Any CPU.Build.0 = Release|Any CPU
	EndGlobalSection
	GlobalSection(SolutionProperties) = preSolution
		HideSolutionNode = FALSE
	EndGlobalSection
	GlobalSection(ExtensibilityGlobals) = postSolution
		SolutionGuid = {3E0CF4F7-9C87-4D94-9E92-81343C4F3706}
	EndGlobalSection
EndGlobal
